# This file is automatically @generated by Poetry 2.4.1 and should not be changed by hand.

[[package]]
name = "asgiref"
version = "3.11.1"
description = "ASGI specs, helper code, and adapters"
optional = false
python-versions = ">=3.9"
groups = ["main"]
files = [
    {file = "asgiref-3.11.1-py3-none-any.whl", hash = "sha256:e8667a091e69529631969fd45dc268fa79b99c92c5fcdda727757e52146ec133"},
    {file = "asgiref-3.11.1.tar.gz", hash = "sha256:5f184dc43b7e763efe848065441eac62229c9f7b0475f41f80e207a114eda4ce"},
]

[package.extras]
tests = ["mypy (>=1.14.0)", "pytest", "pytest-asyncio"]

[[package]]
name = "datetime"
version = "6.0"
description = "This package provides a DateTime data type, as known from Zope. Unless you need to communicate with Zope APIs, you're probably better off using Python's built-in datetime module."
optional = false
python-versions = ">=3.10"
groups = ["main"]
files = [
    {file = "datetime-6.0-py3-none-any.whl", hash = "sha256:d19988f0657a4e72c9438344157254a8dcad6aea8cd5ae70a5d1b5a75e5dc930"},
    {file = "datetime-6.0.tar.gz", hash = "sha256:c1514936d2f901e10c8e08d83bf04e6c9dbd7ca4f244da94fec980980a3bc4d5"},
]

[package.dependencies]
pytz = "*"
"zope.interface" = "*"

[[package]]
name = "django"
version = "6.0.6"
description = "A high-level Python web framework that encourages rapid development and clean, pragmatic design."
optional = false
python-versions = ">=3.12"
groups = ["main"]
files = [
    {file = "django-6.0.6-py3-none-any.whl", hash = "sha256:25148b1194c47c2e685e5f5e9c5d59c78b075dfd282cb9618861ba6c1708f4d2"},
    {file = "django-6.0.6.tar.gz", hash = "sha256:ad03916ba59523d781ae5c3f631960c23d69a9d9c43cecda52fc23b47e953713"},
]

[package.dependencies]
asgiref = ">=3.9.1"
sqlparse = ">=0.5.0"
tzdata = {version = "*", markers = "sys_platform == \"win32\""}

[package.extras]
argon2 = ["argon2-cffi (>=23.1.0)"]
bcrypt = ["bcrypt (>=4.1.1)"]

[[package]]
name = "psycopg2"
version = "2.9.12"
description = "psycopg2 - Python-PostgreSQL Database Adapter"
optional = false
python-versions = ">=3.9"
groups = ["main"]
files = [
    {file = "psycopg2-2.9.12-cp310-cp310-win_amd64.whl", hash = "sha256:d5fbe092315fb007c03544704e6d1e678a6c0378139d01cea433dc59edf041b4"},
    {file = "psycopg2-2.9.12-cp311-cp311-win_amd64.whl", hash = "sha256:2532c0cdc6ad18c9c35cd935cc3159712e14f05276a6d29a6435c52d24b840c1"},
    {file = "psycopg2-2.9.12-cp312-cp312-win_amd64.whl", hash = "sha256:83d48e66e18c301d832e93c984a7bcbc0f4ac3bb79e2137e3bc335978c756dc0"},
    {file = "psycopg2-2.9.12-cp313-cp313-win_amd64.whl", hash = "sha256:3d23e684927d37b95cee9a943f6927b04ae2fdcd056fd0e2a30929ee89fee5a9"},
    {file = "psycopg2-2.9.12-cp314-cp314-win_amd64.whl", hash = "sha256:a73d5513bfe929c56555006c7a9cc7ae6e4276aa99dd2b1e2544eb8bb54f8b23"},
    {file = "psycopg2-2.9.12-cp39-cp39-win_amd64.whl", hash = "sha256:09826a6b89714626a662275d03f21639f1c68d183e2dcc9ba134d463a3da753e"},
    {file = "psycopg2-2.9.12.tar.gz", hash = "sha256:1dedb1c7a1d8552c4a6044c6b1c41a52e6a8e2d144af83eccac758076b1b7c15"},
]

[[package]]
name = "python-dotenv"
version = "1.2.2"
description = "Read key-value pairs from a .env file and set them as environment variables"
optional = false
python-versions = ">=3.10"
groups = ["main"]
files = [
    {file = "python_dotenv-1.2.2-py3-none-any.whl", hash = "sha256:1d8214789a24de455a8b8bd8ae6fe3c6b69a5e3d64aa8a8e5d68e694bbcb285a"},
    {file = "python_dotenv-1.2.2.tar.gz", hash = "sha256:2c371a91fbd7ba082c2c1dc1f8bf89ca22564a087c2c287cd9b662adde799cf3"},
]

[package.extras]
cli = ["click (>=5.0)"]

[[package]]
name = "pytz"
version = "2026.3.post1"
description = "World timezone definitions, modern and historical"
optional = false
python-versions = "*"
groups = ["main"]
files = [
    {file = "pytz-2026.3.post1-py2.py3-none-any.whl", hash = "sha256:dd95840dd199baea12d9cc096a1d452caa6596a1c1e4b5f3dbd1541855d5e815"},
    {file = "pytz-2026.3.post1.tar.gz", hash = "sha256:2211d3fcf9a797d3405cac96ac7f61d80e6a644f72a3309607282fe8a2010c5d"},
]

[[package]]
name = "sqlparse"
version = "0.5.5"
description = "A non-validating SQL parser."
optional = false
python-versions = ">=3.8"
groups = ["main"]
files = [
    {file = "sqlparse-0.5.5-py3-none-any.whl", hash = "sha256:12a08b3bf3eec877c519589833aed092e2444e68240a3577e8e26148acc7b1ba"},
    {file = "sqlparse-0.5.5.tar.gz", hash = "sha256:e20d4a9b0b8585fdf63b10d30066c7c94c5d7a7ec47c889a2d83a3caa93ff28e"},
]

[package.extras]
dev = ["build"]
doc = ["sphinx"]

[[package]]
name = "tzdata"
version = "2026.2"
description = "Provider of IANA time zone data"
optional = false
python-versions = ">=2"
groups = ["main"]
markers = "sys_platform == \"win32\""
files = [
    {file = "tzdata-2026.2-py2.py3-none-any.whl", hash = "sha256:bbe9af844f658da81a5f95019480da3a89415801f6cc966806612cc7169bffe7"},
    {file = "tzdata-2026.2.tar.gz", hash = "sha256:9173fde7d80d9018e02a662e168e5a2d04f87c41ea174b139fbef642eda62d10"},
]

[[package]]
name = "zope-interface"
version = "8.5"
description = "Interfaces for Python"
optional = false
python-versions = ">=3.10"
groups = ["main"]
files = [
    {file = "zope_interface-8.5-cp310-cp310-macosx_10_9_x86_64.whl", hash = "sha256:c0c8aa2bf8f3911ef37b87deb1bbe225a310e6eb6522a16d77f5d8330c4f6fbe"},
    {file = "zope_interface-8.5-cp310-cp310-macosx_11_0_arm64.whl", hash = "sha256:efe234a0fafb4b6b1602e9be9245b97c2bf06d67c07af5a4bc3c0438978b555c"},
    {file = "zope_interface-8.5-cp310-cp310-manylinux1_i686.manylinux2014_i686.manylinux_2_17_i686.manylinux_2_5_i686.whl", hash = "sha256:dabeb6fe1228d411994f300811edc6866fff0cdcbc9cef98a78f05ea0da42e37"},
    {file = "zope_interface-8.5-cp310-cp310-manylinux1_x86_64.manylinux2014_x86_64.manylinux_2_17_x86_64.manylinux_2_5_x86_64.whl", hash = "sha256:147a9442dcc2b7339ecdb1be2b3cdb098e90462e39425054053ebfb50d99125a"},
    {file = "zope_interface-8.5-cp310-cp310-manylinux2014_aarch64.manylinux_2_17_aarch64.whl", hash = "sha256:a17e681224267880707c9ec9e730ad9a1ad2d65c371256843efba6cf48711b58"},
    {file = "zope_interface-8.5-cp310-cp310-win_amd64.whl", hash = "sha256:d178968a1a611df30549a717d1624cb38ca810347339e3e37b7baa6f6781a170"},
    {file = "zope_interface-8.5-cp311-cp311-macosx_10_9_x86_64.whl", hash = "sha256:afc66ccaef2a3c0bef6ca02aad40d29a39276389dad16a8eac36f9f385e4d057"},
    {file = "zope_interface-8.5-cp311-cp311-macosx_11_0_arm64.whl", hash = "sha256:c28044972187245d7a309e4699319bfdbd2ffcbf7176d1d4ddf5adffb2dea80f"},
    {file = "zope_interface-8.5-cp311-cp311-manylinux1_i686.manylinux2014_i686.manylinux_2_17_i686.manylinux_2_5_i686.whl", hash = "sha256:03bbecc7982af713d7499d4084bc03916413d17ffd45f89009348cc0c1d9e376"},
    {file = "zope_interface-8.5-cp311-cp311-manylinux1_x86_64.manylinux2014_x86_64.manylinux_2_17_x86_64.manylinux_2_5_x86_64.whl", hash = "sha256:bf917009a4a7457c7290225a019f4a0aa706d96accd2cfdba2418d3bc1fcde2f"},
    {file = "zope_interface-8.5-cp311-cp311-manylinux2014_aarch64.manylinux_2_17_aarch64.whl", hash = "sha256:31cff25b2aaedb5267e6e77b1e9be6b0ec4f622032de8a069202b8ffacda7dc2"},
    {file = "zope_interface-8.5-cp311-cp311-win_amd64.whl", hash = "sha256:17a3114bbdddb5e75e5784cdf318944636190cbbc72d357ef9fb1a8b0351f955"},
    {file = "zope_interface-8.5-cp311-cp311-win_arm64.whl", hash = "sha256:aab6bb5bee10f38ea688b95ba054396b67f613552d2c8378be7fcb2d2fba7646"},
    {file = "zope_interface-8.5-cp312-cp312-macosx_10_9_x86_64.whl", hash = "sha256:8e6ee90c2e6de7c37058d5fa41f123c8b13a312db8d1e0fb5840d7f4bcdff9c9"},
    {file = "zope_interface-8.5-cp312-cp312-macosx_11_0_arm64.whl", hash = "sha256:c1adc90d3576b3b4c4de4953e6002c37bef28b78d7fa54c1bbfd0c50f022fe7c"},
    {file = "zope_interface-8.5-cp312-cp312-manylinux1_i686.manylinux2014_i686.manylinux_2_17_i686.manylinux_2_5_i686.whl", hash = "sha256:e6347b8d8d12c5eca6502450a92be30079b7acfade2c4f693efa0deb8871b06e"},
    {file = "zope_interface-8.5-cp312-cp312-manylinux1_x86_64.manylinux2014_x86_64.manylinux_2_17_x86_64.manylinux_2_5_x86_64.whl", hash = "sha256:5e970dabea777a24b0b0bbf9dae3ab75ce8b2d8e948edf4875627034b21f3560"},
    {file = "zope_interface-8.5-cp312-cp312-manylinux2014_aarch64.manylinux_2_17_aarch64.whl", hash = "sha256:f0b48ccadaa9839e09ff81e969703cecb3f402c813bfe8b958652e699bea69f5"},
    {file = "zope_interface-8.5-cp312-cp312-win_amd64.whl", hash = "sha256:e0e311f1277468c08fd59a2b41f71b43d25dff639789d364747acd1705c0df6e"},
    {file = "zope_interface-8.5-cp312-cp312-win_arm64.whl", hash = "sha256:652b73107a04159ec6c020db6c1543d4f1e8f4d069bd2aac88a947820923517b"},
    {file = "zope_interface-8.5-cp313-cp313-macosx_10_9_x86_64.whl", hash = "sha256:28e80457c134d1fa57a7d758004dece348654e1b1467ac22dcdc20fc1d127c52"},
    {file = "zope_interface-8.5-cp313-cp313-macosx_11_0_arm64.whl", hash = "sha256:09495ce9d559c06b70f2d4855b3e4f48a822a9ddc8be1d30c5b4e5be14ae1ace"},
    {file = "zope_interface-8.5-cp313-cp313-manylinux1_i686.manylinux2014_i686.manylinux_2_17_i686.manylinux_2_5_i686.whl", hash = "sha256:7849ad8fa90763cc1087f4dda78ca3a233e950b3e08fac7079297c9cafbbd7bb"},
    {file = "zope_interface-8.5-cp313-cp313-manylinux1_x86_64.manylinux2014_x86_64.manylinux_2_17_x86_64.manylinux_2_5_x86_64.whl", hash = "sha256:5578c9421ca409a1f39f153d6f7803e4cde01da592ec75a9ac5e1b777d18d33b"},
    {file = "zope_interface-8.5-cp313-cp313-manylinux2014_aarch64.manylinux_2_17_aarch64.whl", hash = "sha256:e1bd7d96b4ca5fa311f54c9eac16dce4886b428c1531dbe06067763ccdf123b4"},
    {file = "zope_interface-8.5-cp313-cp313-win_amd64.whl", hash = "sha256:0c8123d2a4dfde2a613c7cb772605477724782c20bc2e0ad1d9435376a6a44a3"},
    {file = "zope_interface-8.5-cp313-cp313-win_arm64.whl", hash = "sha256:6d02be14f3173c6c7288bc2fdf530090c01c3cf8764ad46c68024686f364278e"},
    {file = "zope_interface-8.5-cp314-cp314-macosx_10_9_x86_64.whl", hash = "sha256:ffaecf013251a89d0de6feb49a46eba48ad8cbbf8a40aeb6045e459e7bec6784"},
    {file = "zope_interface-8.5-cp314-cp314-macosx_11_0_arm64.whl", hash = "sha256:126fa9d1c52295ae076d4cf968634f0a1826afa408a20808b57ff72877b8f69f"},
    {file = "zope_interface-8.5-cp314-cp314-manylinux1_i686.manylinux2014_i686.manylinux_2_17_i686.manylinux_2_5_i686.whl", hash = "sha256:3090e3a663d20194756a59a272e0c8508b889341e31d5894223331fe6b4f9b21"},
    {file = "zope_interface-8.5-cp314-cp314-manylinux1_x86_64.manylinux2014_x86_64.manylinux_2_17_x86_64.manylinux_2_5_x86_64.whl", hash = "sha256:9342fb74e2afefdb081bf1df727d209ea56995c6e13f5a0540e6d7aff4beafb8"},
    {file = "zope_interface-8.5-cp314-cp314-manylinux2014_aarch64.manylinux_2_17_aarch64.whl", hash = "sha256:6c54725d818f1b57a7efb8b16528326e1f3c257b602b32393fd255c45af8799d"},
    {file = "zope_interface-8.5-cp314-cp314-win_amd64.whl", hash = "sha256:29d74febbae1afeb6834c4ccbf42e242a673c860060f09e53142825270456140"},
    {file = "zope_interface-8.5-cp314-cp314-win_arm64.whl", hash = "sha256:633c8c49396f38df030340797c533e9fe460d1b5d1e42d88e55e938e525f548c"},
    {file = "zope_interface-8.5-cp314-cp314t-macosx_10_9_x86_64.whl", hash = "sha256:133999820fdbae513c36c03d6f29ef87317aaa3edef39112222b155083664714"},
    {file = "zope_interface-8.5-cp314-cp314t-macosx_11_0_arm64.whl", hash = "sha256:8bd75c96966e573232f0599deaff717564828031c7f05563ccc1ac35c5ee0304"},
    {file = "zope_interface-8.5-cp314-cp314t-manylinux1_i686.manylinux2014_i686.manylinux_2_17_i686.manylinux_2_5_i686.whl", hash = "sha256:14b0e9799351d4c34fe99afd67f0cdd76e55ba15c66a98699d5fc22ea8241e08"},
    {file = "zope_interface-8.5-cp314-cp314t-manylinux1_x86_64.manylinux2014_x86_64.manylinux_2_17_x86_64.manylinux_2_5_x86_64.whl", hash = "sha256:0cd6a732ac84b94eb1ef9222a117347a27efd294ee16810ffdf7ecd307677ed5"},
    {file = "zope_interface-8.5-cp314-cp314t-manylinux2014_aarch64.manylinux_2_17_aarch64.whl", hash = "sha256:798b7c87d0e59a7d5d086d642208d0d8700ff0d55c4029134b3c479c3bfb110f"},
    {file = "zope_interface-8.5-cp314-cp314t-win_amd64.whl", hash = "sha256:0fc3a9d45f114d27eaa1e53beeb144533689edca8a9f66505b1e8e8b3f075e42"},
    {file = "zope_interface-8.5.tar.gz", hash = "sha256:7a3ba1c5877f0f3e3906b02ddf793abed2becc2948116414ce0e1dd820b68d6d"},
]

[package.extras]
docs = ["Sphinx", "furo", "repoze.sphinx.autointerface"]
test = ["coverage[toml]", "zope.event", "zope.testing"]
testing = ["coverage[toml]", "zope.event", "zope.testing"]

[metadata]
lock-version = "2.1"
python-versions = ">=3.14"
content-hash = "f1a93f4b69252764707dc11e8e6527cb19dc3dbbde4677dfccd6ba471ee2ead7"
